
Microsoft Visual Studio Solution File, Format Version 12.00
# Visual Studio 2013
VisualStudioVersion = 12.0.30723.0
MinimumVisualStudioVersion = 10.0.40219.1
Project("{2150E333-8FDC-42A3-9474-1A3956D46DE8}") = ".nuget", ".nuget", "{A51EA007-FF87-4930-95E9-5E9352115508}"
	ProjectSection(SolutionItems) = preProject
		.nuget\NuGet.Config = .nuget\NuGet.Config
		.nuget\NuGet.exe = .nuget\NuGet.exe
		.nuget\NuGet.targets = .nuget\NuGet.targets
	EndProjectSection
EndProject
Project("{FAE04EC0-301F-11D3-BF4B-00C04F79EFBC}") = "ISeeYou", "src\ISeeYou\ISeeYou.csproj", "{56CAF3FE-51AC-419B-82D2-82CA4A8242F2}"
EndProject
Project("{FAE04EC0-301F-11D3-BF4B-00C04F79EFBC}") = "ISeeYou.Tests", "src\ISeeYou.Tests\ISeeYou.Tests.csproj", "{F01576F9-E382-43CA-B690-D6D32B1DE691}"
EndProject
Project("{FAE04EC0-301F-11D3-BF4B-00C04F79EFBC}") = "ISeeYou.Web", "src\ISeeYou.Web\ISeeYou.Web.csproj", "{B9D0EA51-72B6-4591-B403-06DB1E8BA39D}"
EndProject
Project("{FAE04EC0-301F-11D3-BF4B-00C04F79EFBC}") = "ISeeYou.Vk", "src\ISeeYou.Vk\ISeeYou.Vk.csproj", "{EF0D1BA5-8862-4D79-A82C-3D948CCB788A}"
EndProject
Project("{FAE04EC0-301F-11D3-BF4B-00C04F79EFBC}") = "ISeeYou.Fetcher", "src\ISeeYou.Fetcher\ISeeYou.Fetcher.csproj", "{59662377-BE15-4A6B-99B6-BA797B8E4968}"
EndProject
Project("{FAE04EC0-301F-11D3-BF4B-00C04F79EFBC}") = "ISeeYou.Ranker", "src\ISeeYou.Ranker\ISeeYou.Ranker.csproj", "{39876B3F-21E4-4A42-9720-C11ABCB4FC71}"
EndProject
Project("{FAE04EC0-301F-11D3-BF4B-00C04F79EFBC}") = "ISeeYou.PhotoRanker", "ISeeYou.PhotoRanker\ISeeYou.PhotoRanker.csproj", "{694C7AFD-C7FA-42B9-960C-231CD80719E8}"
EndProject
Project("{FAE04EC0-301F-11D3-BF4B-00C04F79EFBC}") = "ISeeYou.Worker", "ISeeYou.Worker\ISeeYou.Worker.csproj", "{D4808191-CB2D-4E11-9554-5D9BBA521FB7}"
EndProject
Global
	GlobalSection(SolutionConfigurationPlatforms) = preSolution
		Debug|Any CPU = Debug|Any CPU
		Release|Any CPU = Release|Any CPU
	EndGlobalSection
	GlobalSection(ProjectConfigurationPlatforms) = postSolution
		{56CAF3FE-51AC-419B-82D2-82CA4A8242F2}.Debug|Any CPU.ActiveCfg = Debug|Any CPU
		{56CAF3FE-51AC-419B-82D2-82CA4A8242F2}.Debug|Any CPU.Build.0 = Debug|Any CPU
		{56CAF3FE-51AC-419B-82D2-82CA4A8242F2}.Release|Any CPU.ActiveCfg = Release|Any CPU
		{56CAF3FE-51AC-419B-82D2-82CA4A8242F2}.Release|Any CPU.Build.0 = Release|Any CPU
		{F01576F9-E382-43CA-B690-D6D32B1DE691}.Debug|Any CPU.ActiveCfg = Debug|Any CPU
		{F01576F9-E382-43CA-B690-D6D32B1DE691}.Debug|Any CPU.Build.0 = Debug|Any CPU
		{F01576F9-E382-43CA-B690-D6D32B1DE691}.Release|Any CPU.ActiveCfg = Release|Any CPU
		{F01576F9-E382-43CA-B690-D6D32B1DE691}.Release|Any CPU.Build.0 = Release|Any CPU
		{B9D0EA51-72B6-4591-B403-06DB1E8BA39D}.Debug|Any CPU.ActiveCfg = Debug|Any CPU
		{B9D0EA51-72B6-4591-B403-06DB1E8BA39D}.Debug|Any CPU.Build.0 = Debug|Any CPU
		{B9D0EA51-72B6-4591-B403-06DB1E8BA39D}.Release|Any CPU.ActiveCfg = Release|Any CPU
		{B9D0EA51-72B6-4591-B403-06DB1E8BA39D}.Release|Any CPU.Build.0 = Release|Any CPU
		{EF0D1BA5-8862-4D79-A82C-3D948CCB788A}.Debug|Any CPU.ActiveCfg = Debug|Any CPU
		{EF0D1BA5-8862-4D79-A82C-3D948CCB788A}.Debug|Any CPU.Build.0 = Debug|Any CPU
		{EF0D1BA5-8862-4D79-A82C-3D948CCB788A}.Release|Any CPU.ActiveCfg = Release|Any CPU
		{EF0D1BA5-8862-4D79-A82C-3D948CCB788A}.Release|Any CPU.Build.0 = Release|Any CPU
		{59662377-BE15-4A6B-99B6-BA797B8E4968}.Debug|Any CPU.ActiveCfg = Debug|Any CPU
		{59662377-BE15-4A6B-99B6-BA797B8E4968}.Debug|Any CPU.Build.0 = Debug|Any CPU
		{59662377-BE15-4A6B-99B6-BA797B8E4968}.Release|Any CPU.ActiveCfg = Release|Any CPU
		{59662377-BE15-4A6B-99B6-BA797B8E4968}.Release|Any CPU.Build.0 = Release|Any CPU
		{39876B3F-21E4-4A42-9720-C11ABCB4FC71}.Debug|Any CPU.ActiveCfg = Debug|Any CPU
		{39876B3F-21E4-4A42-9720-C11ABCB4FC71}.Debug|Any CPU.Build.0 = Debug|Any CPU
		{39876B3F-21E4-4A42-9720-C11ABCB4FC71}.Release|Any CPU.ActiveCfg = Release|Any CPU
		{39876B3F-21E4-4A42-9720-C11ABCB4FC71}.Release|Any CPU.Build.0 = Release|Any CPU
		{694C7AFD-C7FA-42B9-960C-231CD80719E8}.Debug|Any CPU.ActiveCfg = Debug|Any CPU
		{694C7AFD-C7FA-42B9-960C-231CD80719E8}.Debug|Any CPU.Build.0 = Debug|Any CPU
		{694C7AFD-C7FA-42B9-960C-231CD80719E8}.Release|Any CPU.ActiveCfg = Release|Any CPU
		{694C7AFD-C7FA-42B9-960C-231CD80719E8}.Release|Any CPU.Build.0 = Release|Any CPU
		{D4808191-CB2D-4E11-9554-5D9BBA521FB7}.Debug|Any CPU.ActiveCfg = Debug|Any CPU
		{D4808191-CB2D-4E11-9554-5D9BBA521FB7}.Debug|Any CPU.Build.0 = Debug|Any CPU
		{D4808191-CB2D-4E11-9554-5D9BBA521FB7}.Release|Any CPU.ActiveCfg = Release|Any CPU
		{D4808191-CB2D-4E11-9554-5D9BBA521FB7}.Release|Any CPU.Build.0 = Release|Any CPU
	EndGlobalSection
	GlobalSection(SolutionProperties) = preSolution
		HideSolutionNode = FALSE
	EndGlobalSection
EndGlobal
